
Microsoft Visual Studio Solution File, Format Version 12.00
# Visual Studio Version 16
VisualStudioVersion = 16.0.29509.3
MinimumVisualStudioVersion = 10.0.40219.1
Project("{FAE04EC0-301F-11D3-BF4B-00C04F79EFBC}") = "NeuralNetwork.Service", "NeuralNetwork.Service\NeuralNetwork.Service.csproj", "{87BBE3FC-5990-40BF-B18C-15899FB14A28}"
EndProject
Global
	GlobalSection(SolutionConfigurationPlatforms) = preSolution
		Debug|Any CPU = Debug|Any CPU
		Release|Any CPU = Release|Any CPU
	EndGlobalSection
	GlobalSection(ProjectConfigurationPlatforms) = postSolution
		{87BBE3FC-5990-40BF-B18C-15899FB14A28}.Debug|Any CPU.ActiveCfg = Debug|Any CPU
		{87BBE3FC-5990-40BF-B18C-15899FB14A28}.Debug|Any CPU.Build.0 = Debug|Any CPU
		{87BBE3FC-5990-40BF-B18C-15899FB14A28}.Release|Any CPU.ActiveCfg = Release|Any CPU
		{87BBE3FC-5990-40BF-B18C-15899FB14A28}.Release|Any CPU.Build.0 = Release|Any CPU
	EndGlobalSection
	GlobalSection(SolutionProperties) = preSolution
		HideSolutionNode = FALSE
	EndGlobalSection
	GlobalSection(ExtensibilityGlobals) = postSolution
		SolutionGuid = {3D6B9E35-F967-4548-9EB2-6E9B310567BD}
	EndGlobalSection
EndGlobal
